# This file was autogenerated by Stack.
# You should not edit this file by hand.
# For more information, please see the documentation at:
#   https://docs.haskellstack.org/en/stable/lock_files

packages:
- completed:
    commit: 6f634f6c1ecb2b4173dbe4f46d269ee612c68840
    git: https://github.com/TomMD/cipher-aes128.git
    name: cipher-aes128
    pantry-tree:
      sha256: 5bbac7c6721847b0b7459f430b4ca487ad86c1dc0f4b0e4967c035ccaf7e3830
      size: 1557
    subdir: .
    version: 0.7.0.6
  original:
    commit: 6f634f6c1ecb2b4173dbe4f46d269ee612c68840
    git: https://github.com/TomMD/cipher-aes128.git
    subdir: .
snapshots:
- completed:
    sha256: 917b397e40f0d5bc99e350f5bc5921456f091cf35b61a869838e14dfbc46e6e1
    size: 684486
    url: https://raw.githubusercontent.com/commercialhaskell/stackage-snapshots/master/nightly/2023/10/9.yaml
  original: nightly-2023-10-09
